// !$*UTF8*$!
{
	archiveVersion = 1;
	classes = {
	};
	objectVersion = 50;
	objects = {

/* Begin PBXBuildFile section */
		774E5DC22635BF550051DE38 /* AppDelegate.m in Sources */ = {isa = PBXBuildFile; fileRef = 774E5DC12635BF550051DE38 /* AppDelegate.m */; };
		774E5DC52635BF550051DE38 /* SceneDelegate.m in Sources */ = {isa = PBXBuildFile; fileRef = 774E5DC42635BF550051DE38 /* SceneDelegate.m */; };
		774E5DC82635BF550051DE38 /* ViewController.m in Sources */ = {isa = PBXBuildFile; fileRef = 774E5DC72635BF550051DE38 /* ViewController.m */; };
		774E5DCB2635BF550051DE38 /* Main.storyboard in Resources */ = {isa = PBXBuildFile; fileRef = 774E5DC92635BF550051DE38 /* Main.storyboard */; };
		774E5DCD2635BF580051DE38 /* Assets.xcassets in Resources */ = {isa = PBXBuildFile; fileRef = 774E5DCC2635BF580051DE38 /* Assets.xcassets */; };
		774E5DD02635BF580051DE38 /* LaunchScreen.storyboard in Resources */ = {isa = PBXBuildFile; fileRef = 774E5DCE2635BF580051DE38 /* LaunchScreen.storyboard */; };
		774E5DD32635BF580051DE38 /* main.m in Sources */ = {isa = PBXBuildFile; fileRef = 774E5DD22635BF580051DE38 /* main.m */; };
		774E5DE42635C1550051DE38 /* LGDylibHook.h in Headers */ = {isa = PBXBuildFile; fileRef = 774E5DE32635C1550051DE38 /* LGDylibHook.h */; };
		774E5DE62635C1550051DE38 /* LGDylibHook.m in Sources */ = {isa = PBXBuildFile; fileRef = 774E5DE52635C1550051DE38 /* LGDylibHook.m */; };
		774E5DED2635C2580051DE38 /* libLGDylibHook.dylib in CopyFiles */ = {isa = PBXBuildFile; fileRef = 774E5DE12635C1550051DE38 /* libLGDylibHook.dylib */; settings = {ATTRIBUTES = (CodeSignOnCopy, ); }; };
/* End PBXBuildFile section */

/* Begin PBXCopyFilesBuildPhase section */
		774E5DEC2635C22A0051DE38 /* CopyFiles */ = {
			isa = PBXCopyFilesBuildPhase;
			buildActionMask = 2147483647;
			dstPath = "";
			dstSubfolderSpec = 10;
			files = (
				774E5DED2635C2580051DE38 /* libLGDylibHook.dylib in CopyFiles */,
			);
			runOnlyForDeploymentPostprocessing = 0;
		};
/* End PBXCopyFilesBuildPhase section */

/* Begin PBXFileReference section */
		774E5DBD2635BF550051DE38 /* WeChat.app */ = {isa = PBXFileReference; explicitFileType = wrapper.application; includeInIndex = 0; path = WeChat.app; sourceTree = BUILT_PRODUCTS_DIR; };
		774E5DC02635BF550051DE38 /* AppDelegate.h */ = {isa = PBXFileReference; lastKnownFileType = sourcecode.c.h; path = AppDelegate.h; sourceTree = "<group>"; };
		774E5DC12635BF550051DE38 /* AppDelegate.m */ = {isa = PBXFileReference; lastKnownFileType = sourcecode.c.objc; path = AppDelegate.m; sourceTree = "<group>"; };
		774E5DC32635BF550051DE38 /* SceneDelegate.h */ = {isa = PBXFileReference; lastKnownFileType = sourcecode.c.h; path = SceneDelegate.h; sourceTree = "<group>"; };
		774E5DC42635BF550051DE38 /* SceneDelegate.m */ = {isa = PBXFileReference; lastKnownFileType = sourcecode.c.objc; path = SceneDelegate.m; sourceTree = "<group>"; };
		774E5DC62635BF550051DE38 /* ViewController.h */ = {isa = PBXFileReference; lastKnownFileType = sourcecode.c.h; path = ViewController.h; sourceTree = "<group>"; };
		774E5DC72635BF550051DE38 /* ViewController.m */ = {isa = PBXFileReference; lastKnownFileType = sourcecode.c.objc; path = ViewController.m; sourceTree = "<group>"; };
		774E5DCA2635BF550051DE38 /* Base */ = {isa = PBXFileReference; lastKnownFileType = file.storyboard; name = Base; path = Base.lproj/Main.storyboard; sourceTree = "<group>"; };
		774E5DCC2635BF580051DE38 /* Assets.xcassets */ = {isa = PBXFileReference; lastKnownFileType = folder.assetcatalog; path = Assets.xcassets; sourceTree = "<group>"; };
		774E5DCF2635BF580051DE38 /* Base */ = {isa = PBXFileReference; lastKnownFileType = file.storyboard; name = Base; path = Base.lproj/LaunchScreen.storyboard; sourceTree = "<group>"; };
		774E5DD12635BF580051DE38 /* Info.plist */ = {isa = PBXFileReference; lastKnownFileType = text.plist.xml; path = Info.plist; sourceTree = "<group>"; };
		774E5DD22635BF580051DE38 /* main.m */ = {isa = PBXFileReference; lastKnownFileType = sourcecode.c.objc; path = main.m; sourceTree = "<group>"; };
		774E5DE12635C1550051DE38 /* libLGDylibHook.dylib */ = {isa = PBXFileReference; explicitFileType = "compiled.mach-o.dylib"; includeInIndex = 0; path = libLGDylibHook.dylib; sourceTree = BUILT_PRODUCTS_DIR; };
		774E5DE32635C1550051DE38 /* LGDylibHook.h */ = {isa = PBXFileReference; lastKnownFileType = sourcecode.c.h; path = LGDylibHook.h; sourceTree = "<group>"; };
		774E5DE52635C1550051DE38 /* LGDylibHook.m */ = {isa = PBXFileReference; lastKnownFileType = sourcecode.c.objc; path = LGDylibHook.m; sourceTree = "<group>"; };
/* End PBXFileReference section */

/* Begin PBXFrameworksBuildPhase section */
		774E5DBA2635BF550051DE38 /* Frameworks */ = {
			isa = PBXFrameworksBuildPhase;
			buildActionMask = 2147483647;
			files = (
			);
			runOnlyForDeploymentPostprocessing = 0;
		};
		774E5DDF2635C1550051DE38 /* Frameworks */ = {
			isa = PBXFrameworksBuildPhase;
			buildActionMask = 2147483647;
			files = (
			);
			runOnlyForDeploymentPostprocessing = 0;
		};
/* End PBXFrameworksBuildPhase section */

/* Begin PBXGroup section */
		774E5DB42635BF550051DE38 = {
			isa = PBXGroup;
			children = (
				774E5DBF2635BF550051DE38 /* WeChat */,
				774E5DE22635C1550051DE38 /* LGDylibHook */,
				774E5DBE2635BF550051DE38 /* Products */,
			);
			sourceTree = "<group>";
		};
		774E5DBE2635BF550051DE38 /* Products */ = {
			isa = PBXGroup;
			children = (
				774E5DBD2635BF550051DE38 /* WeChat.app */,
				774E5DE12635C1550051DE38 /* libLGDylibHook.dylib */,
			);
			name = Products;
			sourceTree = "<group>";
		};
		774E5DBF2635BF550051DE38 /* WeChat */ = {
			isa = PBXGroup;
			children = (
				774E5DC02635BF550051DE38 /* AppDelegate.h */,
				774E5DC12635BF550051DE38 /* AppDelegate.m */,
				774E5DC32635BF550051DE38 /* SceneDelegate.h */,
				774E5DC42635BF550051DE38 /* SceneDelegate.m */,
				774E5DC62635BF550051DE38 /* ViewController.h */,
				774E5DC72635BF550051DE38 /* ViewController.m */,
				774E5DC92635BF550051DE38 /* Main.storyboard */,
				774E5DCC2635BF580051DE38 /* Assets.xcassets */,
				774E5DCE2635BF580051DE38 /* LaunchScreen.storyboard */,
				774E5DD12635BF580051DE38 /* Info.plist */,
				774E5DD22635BF580051DE38 /* main.m */,
			);
			path = WeChat;
			sourceTree = "<group>";
		};
		774E5DE22635C1550051DE38 /* LGDylibHook */ = {
			isa = PBXGroup;
			children = (
				774E5DE32635C1550051DE38 /* LGDylibHook.h */,
				774E5DE52635C1550051DE38 /* LGDylibHook.m */,
			);
			path = LGDylibHook;
			sourceTree = "<group>";
		};
/* End PBXGroup section */

/* Begin PBXHeadersBuildPhase section */
		774E5DDD2635C1550051DE38 /* Headers */ = {
			isa = PBXHeadersBuildPhase;
			buildActionMask = 2147483647;
			files = (
				774E5DE42635C1550051DE38 /* LGDylibHook.h in Headers */,
			);
			runOnlyForDeploymentPostprocessing = 0;
		};
/* End PBXHeadersBuildPhase section */

/* Begin PBXNativeTarget section */
		774E5DBC2635BF550051DE38 /* WeChat */ = {
			isa = PBXNativeTarget;
			buildConfigurationList = 774E5DD62635BF580051DE38 /* Build configuration list for PBXNativeTarget "WeChat" */;
			buildPhases = (
				774E5DB92635BF550051DE38 /* Sources */,
				774E5DBA2635BF550051DE38 /* Frameworks */,
				774E5DBB2635BF550051DE38 /* Resources */,
				774E5DDB2635BFDB0051DE38 /* ShellScript */,
				774E5DEC2635C22A0051DE38 /* CopyFiles */,
			);
			buildRules = (
			);
			dependencies = (
			);
			name = WeChat;
			productName = WeChat;
			productReference = 774E5DBD2635BF550051DE38 /* WeChat.app */;
			productType = "com.apple.product-type.application";
		};
		774E5DE02635C1550051DE38 /* LGDylibHook */ = {
			isa = PBXNativeTarget;
			buildConfigurationList = 774E5DE72635C1550051DE38 /* Build configuration list for PBXNativeTarget "LGDylibHook" */;
			buildPhases = (
				774E5DDD2635C1550051DE38 /* Headers */,
				774E5DDE2635C1550051DE38 /* Sources */,
				774E5DDF2635C1550051DE38 /* Frameworks */,
			);
			buildRules = (
			);
			dependencies = (
			);
			name = LGDylibHook;
			productName = LGDylibHook;
			productReference = 774E5DE12635C1550051DE38 /* libLGDylibHook.dylib */;
			productType = "com.apple.product-type.library.dynamic";
		};
/* End PBXNativeTarget section */

/* Begin PBXProject section */
		774E5DB52635BF550051DE38 /* Project object */ = {
			isa = PBXProject;
			attributes = {
				LastUpgradeCheck = 1240;
				TargetAttributes = {
					774E5DBC2635BF550051DE38 = {
						CreatedOnToolsVersion = 12.4;
					};
					774E5DE02635C1550051DE38 = {
						CreatedOnToolsVersion = 12.4;
					};
				};
			};
			buildConfigurationList = 774E5DB82635BF550051DE38 /* Build configuration list for PBXProject "WeChat" */;
			compatibilityVersion = "Xcode 9.3";
			developmentRegion = en;
			hasScannedForEncodings = 0;
			knownRegions = (
				en,
				Base,
			);
			mainGroup = 774E5DB42635BF550051DE38;
			productRefGroup = 774E5DBE2635BF550051DE38 /* Products */;
			projectDirPath = "";
			projectRoot = "";
			targets = (
				774E5DBC2635BF550051DE38 /* WeChat */,
				774E5DE02635C1550051DE38 /* LGDylibHook */,
			);
		};
/* End PBXProject section */

/* Begin PBXResourcesBuildPhase section */
		774E5DBB2635BF550051DE38 /* Resources */ = {
			isa = PBXResourcesBuildPhase;
			buildActionMask = 2147483647;
			files = (
				774E5DD02635BF580051DE38 /* LaunchScreen.storyboard in Resources */,
				774E5DCD2635BF580051DE38 /* Assets.xcassets in Resources */,
				774E5DCB2635BF550051DE38 /* Main.storyboard in Resources */,
			);
			runOnlyForDeploymentPostprocessing = 0;
		};
/* End PBXResourcesBuildPhase section */

/* Begin PBXShellScriptBuildPhase section */
		774E5DDB2635BFDB0051DE38 /* ShellScript */ = {
			isa = PBXShellScriptBuildPhase;
			buildActionMask = 2147483647;
			files = (
			);
			inputFileListPaths = (
			);
			inputPaths = (
			);
			outputFileListPaths = (
			);
			outputPaths = (
			);
			runOnlyForDeploymentPostprocessing = 0;
			shellPath = /bin/sh;
			shellScript = "# Type a script or drag a script file from your workspace to insert its path.\n./appResign.sh\n";
		};
/* End PBXShellScriptBuildPhase section */

/* Begin PBXSourcesBuildPhase section */
		774E5DB92635BF550051DE38 /* Sources */ = {
			isa = PBXSourcesBuildPhase;
			buildActionMask = 2147483647;
			files = (
				774E5DC82635BF550051DE38 /* ViewController.m in Sources */,
				774E5DC22635BF550051DE38 /* AppDelegate.m in Sources */,
				774E5DD32635BF580051DE38 /* main.m in Sources */,
				774E5DC52635BF550051DE38 /* SceneDelegate.m in Sources */,
			);
			runOnlyForDeploymentPostprocessing = 0;
		};
		774E5DDE2635C1550051DE38 /* Sources */ = {
			isa = PBXSourcesBuildPhase;
			buildActionMask = 2147483647;
			files = (
				774E5DE62635C1550051DE38 /* LGDylibHook.m in Sources */,
			);
			runOnlyForDeploymentPostprocessing = 0;
		};
/* End PBXSourcesBuildPhase section */

/* Begin PBXVariantGroup section */
		774E5DC92635BF550051DE38 /* Main.storyboard */ = {
			isa = PBXVariantGroup;
			children = (
				774E5DCA2635BF550051DE38 /* Base */,
			);
			name = Main.storyboard;
			sourceTree = "<group>";
		};
		774E5DCE2635BF580051DE38 /* LaunchScreen.storyboard */ = {
			isa = PBXVariantGroup;
			children = (
				774E5DCF2635BF580051DE38 /* Base */,
			);
			name = LaunchScreen.storyboard;
			sourceTree = "<group>";
		};
/* End PBXVariantGroup section */

/* Begin XCBuildConfiguration section */
		774E5DD42635BF580051DE38 /* Debug */ = {
			isa = XCBuildConfiguration;
			buildSettings = {
				ALWAYS_SEARCH_USER_PATHS = NO;
				CLANG_ANALYZER_NONNULL = YES;
				CLANG_ANALYZER_NUMBER_OBJECT_CONVERSION = YES_AGGRESSIVE;
				CLANG_CXX_LANGUAGE_STANDARD = "gnu++14";
				CLANG_CXX_LIBRARY = "libc++";
				CLANG_ENABLE_MODULES = YES;
				CLANG_ENABLE_OBJC_ARC = YES;
				CLANG_ENABLE_OBJC_WEAK = YES;
				CLANG_WARN_BLOCK_CAPTURE_AUTORELEASING = YES;
				CLANG_WARN_BOOL_CONVERSION = YES;
				CLANG_WARN_COMMA = YES;
				CLANG_WARN_CONSTANT_CONVERSION = YES;
				CLANG_WARN_DEPRECATED_OBJC_IMPLEMENTATIONS = YES;
				CLANG_WARN_DIRECT_OBJC_ISA_USAGE = YES_ERROR;
				CLANG_WARN_DOCUMENTATION_COMMENTS = YES;
				CLANG_WARN_EMPTY_BODY = YES;
				CLANG_WARN_ENUM_CONVERSION = YES;
				CLANG_WARN_INFINITE_RECURSION = YES;
				CLANG_WARN_INT_CONVERSION = YES;
				CLANG_WARN_NON_LITERAL_NULL_CONVERSION = YES;
				CLANG_WARN_OBJC_IMPLICIT_RETAIN_SELF = YES;
				CLANG_WARN_OBJC_LITERAL_CONVERSION = YES;
				CLANG_WARN_OBJC_ROOT_CLASS = YES_ERROR;
				CLANG_WARN_QUOTED_INCLUDE_IN_FRAMEWORK_HEADER = YES;
				CLANG_WARN_RANGE_LOOP_ANALYSIS = YES;
				CLANG_WARN_STRICT_PROTOTYPES = YES;
				CLANG_WARN_SUSPICIOUS_MOVE = YES;
				CLANG_WARN_UNGUARDED_AVAILABILITY = YES_AGGRESSIVE;
				CLANG_WARN_UNREACHABLE_CODE = YES;
				CLANG_WARN__DUPLICATE_METHOD_MATCH = YES;
				COPY_PHASE_STRIP = NO;
				DEBUG_INFORMATION_FORMAT = dwarf;
				ENABLE_STRICT_OBJC_MSGSEND = YES;
				ENABLE_TESTABILITY = YES;
				GCC_C_LANGUAGE_STANDARD = gnu11;
				GCC_DYNAMIC_NO_PIC = NO;
				GCC_NO_COMMON_BLOCKS = YES;
				GCC_OPTIMIZATION_LEVEL = 0;
				GCC_PREPROCESSOR_DEFINITIONS = (
					"DEBUG=1",
					"$(inherited)",
				);
				GCC_WARN_64_TO_32_BIT_CONVERSION = YES;
				GCC_WARN_ABOUT_RETURN_TYPE = YES_ERROR;
				GCC_WARN_UNDECLARED_SELECTOR = YES;
				GCC_WARN_UNINITIALIZED_AUTOS = YES_AGGRESSIVE;
				GCC_WARN_UNUSED_FUNCTION = YES;
				GCC_WARN_UNUSED_VARIABLE = YES;
				IPHONEOS_DEPLOYMENT_TARGET = 11.0;
				MTL_ENABLE_DEBUG_INFO = INCLUDE_SOURCE;
				MTL_FAST_MATH = YES;
				ONLY_ACTIVE_ARCH = YES;
				SDKROOT = iphoneos;
			};
			name = Debug;
		};
		774E5DD52635BF580051DE38 /* Release */ = {
			isa = XCBuildConfiguration;
			buildSettings = {
				ALWAYS_SEARCH_USER_PATHS = NO;
				CLANG_ANALYZER_NONNULL = YES;
				CLANG_ANALYZER_NUMBER_OBJECT_CONVERSION = YES_AGGRESSIVE;
				CLANG_CXX_LANGUAGE_STANDARD = "gnu++14";
				CLANG_CXX_LIBRARY = "libc++";
				CLANG_ENABLE_MODULES = YES;
				CLANG_ENABLE_OBJC_ARC = YES;
				CLANG_ENABLE_OBJC_WEAK = YES;
				CLANG_WARN_BLOCK_CAPTURE_AUTORELEASING = YES;
				CLANG_WARN_BOOL_CONVERSION = YES;
				CLANG_WARN_COMMA = YES;
				CLANG_WARN_CONSTANT_CONVERSION = YES;
				CLANG_WARN_DEPRECATED_OBJC_IMPLEMENTATIONS = YES;
				CLANG_WARN_DIRECT_OBJC_ISA_USAGE = YES_ERROR;
				CLANG_WARN_DOCUMENTATION_COMMENTS = YES;
				CLANG_WARN_EMPTY_BODY = YES;
				CLANG_WARN_ENUM_CONVERSION = YES;
				CLANG_WARN_INFINITE_RECURSION = YES;
				CLANG_WARN_INT_CONVERSION = YES;
				CLANG_WARN_NON_LITERAL_NULL_CONVERSION = YES;
				CLANG_WARN_OBJC_IMPLICIT_RETAIN_SELF = YES;
				CLANG_WARN_OBJC_LITERAL_CONVERSION = YES;
				CLANG_WARN_OBJC_ROOT_CLASS = YES_ERROR;
				CLANG_WARN_QUOTED_INCLUDE_IN_FRAMEWORK_HEADER = YES;
				CLANG_WARN_RANGE_LOOP_ANALYSIS = YES;
				CLANG_WARN_STRICT_PROTOTYPES = YES;
				CLANG_WARN_SUSPICIOUS_MOVE = YES;
				CLANG_WARN_UNGUARDED_AVAILABILITY = YES_AGGRESSIVE;
				CLANG_WARN_UNREACHABLE_CODE = YES;
				CLANG_WARN__DUPLICATE_METHOD_MATCH = YES;
				COPY_PHASE_STRIP = NO;
				DEBUG_INFORMATION_FORMAT = "dwarf-with-dsym";
				ENABLE_NS_ASSERTIONS = NO;
				ENABLE_STRICT_OBJC_MSGSEND = YES;
				GCC_C_LANGUAGE_STANDARD = gnu11;
				GCC_NO_COMMON_BLOCKS = YES;
				GCC_WARN_64_TO_32_BIT_CONVERSION = YES;
				GCC_WARN_ABOUT_RETURN_TYPE = YES_ERROR;
				GCC_WARN_UNDECLARED_SELECTOR = YES;
				GCC_WARN_UNINITIALIZED_AUTOS = YES_AGGRESSIVE;
				GCC_WARN_UNUSED_FUNCTION = YES;
				GCC_WARN_UNUSED_VARIABLE = YES;
				IPHONEOS_DEPLOYMENT_TARGET = 11.0;
				MTL_ENABLE_DEBUG_INFO = NO;
				MTL_FAST_MATH = YES;
				SDKROOT = iphoneos;
				VALIDATE_PRODUCT = YES;
			};
			name = Release;
		};
		774E5DD72635BF580051DE38 /* Debug */ = {
			isa = XCBuildConfiguration;
			buildSettings = {
				ASSETCATALOG_COMPILER_APPICON_NAME = AppIcon;
				ASSETCATALOG_COMPILER_GLOBAL_ACCENT_COLOR_NAME = AccentColor;
				CODE_SIGN_STYLE = Automatic;
				DEVELOPMENT_TEAM = J7C267M8SE;
				INFOPLIST_FILE = WeChat/Info.plist;
				LD_RUNPATH_SEARCH_PATHS = (
					"$(inherited)",
					"@executable_path/Frameworks",
				);
				PRODUCT_BUNDLE_IDENTIFIER = com.lixiefeng.WeChat;
				PRODUCT_NAME = "$(TARGET_NAME)";
				TARGETED_DEVICE_FAMILY = "1,2";
			};
			name = Debug;
		};
		774E5DD82635BF580051DE38 /* Release */ = {
			isa = XCBuildConfiguration;
			buildSettings = {
				ASSETCATALOG_COMPILER_APPICON_NAME = AppIcon;
				ASSETCATALOG_COMPILER_GLOBAL_ACCENT_COLOR_NAME = AccentColor;
				CODE_SIGN_STYLE = Automatic;
				DEVELOPMENT_TEAM = J7C267M8SE;
				INFOPLIST_FILE = WeChat/Info.plist;
				LD_RUNPATH_SEARCH_PATHS = (
					"$(inherited)",
					"@executable_path/Frameworks",
				);
				PRODUCT_BUNDLE_IDENTIFIER = com.lixiefeng.WeChat;
				PRODUCT_NAME = "$(TARGET_NAME)";
				TARGETED_DEVICE_FAMILY = "1,2";
			};
			name = Release;
		};
		774E5DE82635C1550051DE38 /* Debug */ = {
			isa = XCBuildConfiguration;
			buildSettings = {
				CODE_SIGN_IDENTITY = "iPhone Developer";
				CODE_SIGN_STYLE = Automatic;
				DEVELOPMENT_TEAM = J7C267M8SE;
				DYLIB_COMPATIBILITY_VERSION = 1;
				DYLIB_CURRENT_VERSION = 1;
				EXECUTABLE_PREFIX = lib;
				MACOSX_DEPLOYMENT_TARGET = 11.1;
				PRODUCT_NAME = "$(TARGET_NAME)";
				SDKROOT = iphoneos;
				SKIP_INSTALL = YES;
			};
			name = Debug;
		};
		774E5DE92635C1550051DE38 /* Release */ = {
			isa = XCBuildConfiguration;
			buildSettings = {
				CODE_SIGN_IDENTITY = "iPhone Developer";
				CODE_SIGN_STYLE = Automatic;
				DEVELOPMENT_TEAM = J7C267M8SE;
				DYLIB_COMPATIBILITY_VERSION = 1;
				DYLIB_CURRENT_VERSION = 1;
				EXECUTABLE_PREFIX = lib;
				MACOSX_DEPLOYMENT_TARGET = 11.1;
				PRODUCT_NAME = "$(TARGET_NAME)";
				SDKROOT = iphoneos;
				SKIP_INSTALL = YES;
			};
			name = Release;
		};
/* End XCBuildConfiguration section */

/* Begin XCConfigurationList section */
		774E5DB82635BF550051DE38 /* Build configuration list for PBXProject "WeChat" */ = {
			isa = XCConfigurationList;
			buildConfigurations = (
				774E5DD42635BF580051DE38 /* Debug */,
				774E5DD52635BF580051DE38 /* Release */,
			);
			defaultConfigurationIsVisible = 0;
			defaultConfigurationName = Release;
		};
		774E5DD62635BF580051DE38 /* Build configuration list for PBXNativeTarget "WeChat" */ = {
			isa = XCConfigurationList;
			buildConfigurations = (
				774E5DD72635BF580051DE38 /* Debug */,
				774E5DD82635BF580051DE38 /* Release */,
			);
			defaultConfigurationIsVisible = 0;
			defaultConfigurationName = Release;
		};
		774E5DE72635C1550051DE38 /* Build configuration list for PBXNativeTarget "LGDylibHook" */ = {
			isa = XCConfigurationList;
			buildConfigurations = (
				774E5DE82635C1550051DE38 /* Debug */,
				774E5DE92635C1550051DE38 /* Release */,
			);
			defaultConfigurationIsVisible = 0;
			defaultConfigurationName = Release;
		};
/* End XCConfigurationList section */
	};
	rootObject = 774E5DB52635BF550051DE38 /* Project object */;
}
